
Microsoft Visual Studio Solution File, Format Version 12.00
# Visual Studio Version 17
VisualStudioVersion = 17.11.35312.102
MinimumVisualStudioVersion = 10.0.40219.1
Project("{2150E333-8FDC-42A3-9474-1A3956D46DE8}") = "src", "src", "{984D337C-1E39-4213-8052-8A89EAC0F4E4}"
EndProject
Project("{2150E333-8FDC-42A3-9474-1A3956D46DE8}") = "Util", "Util", "{47CE11C2-1C92-4B23-A8EC-22BFCA662A57}"
EndProject
Project("{2150E333-8FDC-42A3-9474-1A3956D46DE8}") = "Test", "Test", "{1990A533-9C14-402E-A335-613C9195ED6B}"
EndProject
Project("{FAE04EC0-301F-11D3-BF4B-00C04F79EFBC}") = "YS.CoffeeMachine.UnitTest", "YS.CoffeeMachine.UnitTest\YS.CoffeeMachine.UnitTest.csproj", "{25D00C03-6645-4A82-B718-54C8C70ACFC8}"
EndProject
Project("{2150E333-8FDC-42A3-9474-1A3956D46DE8}") = "Merchant", "Merchant", "{0C34B522-7BCE-4A3B-81FE-B38BEA009EA7}"
EndProject
Project("{2150E333-8FDC-42A3-9474-1A3956D46DE8}") = "Platform", "Platform", "{D396071E-8EEF-4B8E-8F31-838CCA5DBBC7}"
EndProject
Project("{FAE04EC0-301F-11D3-BF4B-00C04F79EFBC}") = "YS.CoffeeMachine.Application", "src\Platform\YS.CoffeeMachine.Application\YS.CoffeeMachine.Application.csproj", "{3035A951-F94D-4478-809A-3540498DAE73}"
EndProject
Project("{FAE04EC0-301F-11D3-BF4B-00C04F79EFBC}") = "YS.CoffeeMachine.Cap", "Util\YS.CoffeeMachine.Cap\YS.CoffeeMachine.Cap.csproj", "{687D554D-52F5-4133-8AAD-27A3FB3EB17F}"
EndProject
Project("{FAE04EC0-301F-11D3-BF4B-00C04F79EFBC}") = "YS.CoffeeMachine.Provider", "Util\YS.CoffeeMachine.Docment\YS.CoffeeMachine.Provider.csproj", "{A205CBF5-B0F0-4AE5-B035-B3BC866AE358}"
EndProject
Project("{FAE04EC0-301F-11D3-BF4B-00C04F79EFBC}") = "YS.Provider.OSS", "Util\YS.Provider.OSS\YS.Provider.OSS.csproj", "{C2070171-8EFB-4CDB-B0FB-C7A1006336E1}"
EndProject
Project("{FAE04EC0-301F-11D3-BF4B-00C04F79EFBC}") = "YS.Util.Core", "Util\YS.Util.Core\YS.Util.Core.csproj", "{E853C5C5-E1BB-4B2C-89F9-9BF50E80CA7A}"
EndProject
Project("{FAE04EC0-301F-11D3-BF4B-00C04F79EFBC}") = "YS.CoffeeMachine.API", "src\Merchant\YS.CoffeeMachine.API\YS.CoffeeMachine.API.csproj", "{385BAACE-8932-4EA5-91CE-A4364F851268}"
EndProject
Project("{FAE04EC0-301F-11D3-BF4B-00C04F79EFBC}") = "YS.CoffeeMachine.Application", "src\Merchant\YS.CoffeeMachine.Application\YS.CoffeeMachine.Application.csproj", "{06AEE25E-2CFC-4928-B113-70CD37029512}"
EndProject
Project("{2150E333-8FDC-42A3-9474-1A3956D46DE8}") = "Base", "Base", "{2BEA0D46-7DED-4BA2-AAA2-779B2600C5DB}"
EndProject
Project("{FAE04EC0-301F-11D3-BF4B-00C04F79EFBC}") = "YS.CoffeeMachine.Domain", "src\Base\YS.CoffeeMachine.Domain\YS.CoffeeMachine.Domain.csproj", "{BE47EC7B-9B25-4D46-8ACE-8FB3953D3421}"
EndProject
Project("{FAE04EC0-301F-11D3-BF4B-00C04F79EFBC}") = "YS.CoffeeMachine.Domain.Shared", "src\Base\YS.CoffeeMachine.Domain.Shared\YS.CoffeeMachine.Domain.Shared.csproj", "{4DF0D5E0-36C5-4416-9B9B-9D2F981936A3}"
EndProject
Project("{FAE04EC0-301F-11D3-BF4B-00C04F79EFBC}") = "YS.CoffeeMachine.Localization", "src\Base\YS.CoffeeMachine.Localization\YS.CoffeeMachine.Localization.csproj", "{CF00094D-7710-40FA-9FA8-25ED35BFFB30}"
EndProject
Project("{FAE04EC0-301F-11D3-BF4B-00C04F79EFBC}") = "YS.CoffeeMachine.Platform.API", "src\Platform\YS.CoffeeMachine.Platform.API\YS.CoffeeMachine.Platform.API.csproj", "{8895261D-3147-41FE-B378-D64E8A5519CF}"
EndProject
Project("{2150E333-8FDC-42A3-9474-1A3956D46DE8}") = "Iot", "Iot", "{E653D623-761A-42EF-8F15-E58597E67B4C}"
EndProject
Project("{2150E333-8FDC-42A3-9474-1A3956D46DE8}") = "SuperSocketIot", "SuperSocketIot", "{5FE9D5A2-C914-4607-82F5-CABC64437E72}"
EndProject
Project("{FAE04EC0-301F-11D3-BF4B-00C04F79EFBC}") = "YS.Application.IoT", "SuperSocketIot\YS.Application.IoT\YS.Application.IoT.csproj", "{F705389C-34DD-4526-9233-E7B008E19F65}"
EndProject
Project("{FAE04EC0-301F-11D3-BF4B-00C04F79EFBC}") = "YS.Domain.IoT", "SuperSocketIot\YS.Domain.IoT\YS.Domain.IoT.csproj", "{60821E29-2CFE-4390-8DB3-E7D62663C547}"
EndProject
Project("{FAE04EC0-301F-11D3-BF4B-00C04F79EFBC}") = "YS.Core.IoT", "SuperSocketIot\YS.Core.IoT\YS.Core.IoT.csproj", "{A327F860-10F9-48E1-BAB0-FFB7799AAAD6}"
EndProject
Project("{FAE04EC0-301F-11D3-BF4B-00C04F79EFBC}") = "YS.IoT", "SuperSocketIot\YS.IoT\YS.IoT.csproj", "{BD5BB438-1370-493B-9BCC-F403667FF5C2}"
EndProject
Project("{FAE04EC0-301F-11D3-BF4B-00C04F79EFBC}") = "YS.CoffeeMachine.Iot.Api", "YS.Communication\YS.CoffeeMachine.Iot.Api\YS.CoffeeMachine.Iot.Api.csproj", "{8D2EA29A-BA77-4077-B1C7-5640D57D53F9}"
EndProject
Project("{FAE04EC0-301F-11D3-BF4B-00C04F79EFBC}") = "YS.CoffeeMachine.FreeRedis", "Util\YS.CoffeeMachine.FreeRedis\YS.CoffeeMachine.FreeRedis.csproj", "{F17A782F-4CB3-4A0C-A4A0-4C36F7855665}"
EndProject
Project("{FAE04EC0-301F-11D3-BF4B-00C04F79EFBC}") = "YS.CoffeeMachine.Infrastructure", "src\Base\YS.CoffeeMachine.Infrastructure\YS.CoffeeMachine.Infrastructure.csproj", "{2E98C954-7A21-46DB-9130-717F5C0FCCAB}"
EndProject
Project("{FAE04EC0-301F-11D3-BF4B-00C04F79EFBC}") = "YS.CoffeeMachine.Iot.Application", "YS.Communication\YS.CoffeeMachine.Iot.Application\YS.CoffeeMachine.Iot.Application.csproj", "{EB8AB27F-9DA8-4C81-A745-2A440510C8D1}"
EndProject
Project("{FAE04EC0-301F-11D3-BF4B-00C04F79EFBC}") = "YS.CoffeeMachine.Iot.Domain", "YS.Communication\YS.CoffeeMachine.Iot.Domain\YS.CoffeeMachine.Iot.Domain.csproj", "{EFA5859E-38CD-43AA-B6F1-7ED111EF46CC}"
EndProject
Project("{FAE04EC0-301F-11D3-BF4B-00C04F79EFBC}") = "YSCore.CoffeeMachine.SignalR", "Util\YSCore.CoffeeMachine.SignalR\YSCore.CoffeeMachine.SignalR.csproj", "{8A463B14-42F6-4B89-9409-3C88321C7CFC}"
EndProject
Project("{FAE04EC0-301F-11D3-BF4B-00C04F79EFBC}") = "YSCore.CoffeeMachine.CacheLibrary", "Util\YSCore.CoffeeMachine.CacheLibrary\YSCore.CoffeeMachine.CacheLibrary.csproj", "{2335C172-4B31-4DB6-9D08-559E543C8DEE}"
EndProject
Project("{2150E333-8FDC-42A3-9474-1A3956D46DE8}") = "Solution Items", "Solution Items", "{02EA681E-C7D8-13C7-8484-4AC65E1B71E8}"
	ProjectSection(SolutionItems) = preProject
		Directory.Build.props = Directory.Build.props
		dotnet.ruleset = dotnet.ruleset
	EndProjectSection
EndProject
Global
	GlobalSection(SolutionConfigurationPlatforms) = preSolution
		Debug|Any CPU = Debug|Any CPU
		Release|Any CPU = Release|Any CPU
	EndGlobalSection
	GlobalSection(ProjectConfigurationPlatforms) = postSolution
		{25D00C03-6645-4A82-B718-54C8C70ACFC8}.Debug|Any CPU.ActiveCfg = Debug|Any CPU
		{25D00C03-6645-4A82-B718-54C8C70ACFC8}.Debug|Any CPU.Build.0 = Debug|Any CPU
		{25D00C03-6645-4A82-B718-54C8C70ACFC8}.Release|Any CPU.ActiveCfg = Release|Any CPU
		{25D00C03-6645-4A82-B718-54C8C70ACFC8}.Release|Any CPU.Build.0 = Release|Any CPU
		{3035A951-F94D-4478-809A-3540498DAE73}.Debug|Any CPU.ActiveCfg = Debug|Any CPU
		{3035A951-F94D-4478-809A-3540498DAE73}.Debug|Any CPU.Build.0 = Debug|Any CPU
		{3035A951-F94D-4478-809A-3540498DAE73}.Release|Any CPU.ActiveCfg = Release|Any CPU
		{3035A951-F94D-4478-809A-3540498DAE73}.Release|Any CPU.Build.0 = Release|Any CPU
		{687D554D-52F5-4133-8AAD-27A3FB3EB17F}.Debug|Any CPU.ActiveCfg = Debug|Any CPU
		{687D554D-52F5-4133-8AAD-27A3FB3EB17F}.Debug|Any CPU.Build.0 = Debug|Any CPU
		{687D554D-52F5-4133-8AAD-27A3FB3EB17F}.Release|Any CPU.ActiveCfg = Release|Any CPU
		{687D554D-52F5-4133-8AAD-27A3FB3EB17F}.Release|Any CPU.Build.0 = Release|Any CPU
		{A205CBF5-B0F0-4AE5-B035-B3BC866AE358}.Debug|Any CPU.ActiveCfg = Debug|Any CPU
		{A205CBF5-B0F0-4AE5-B035-B3BC866AE358}.Debug|Any CPU.Build.0 = Debug|Any CPU
		{A205CBF5-B0F0-4AE5-B035-B3BC866AE358}.Release|Any CPU.ActiveCfg = Release|Any CPU
		{A205CBF5-B0F0-4AE5-B035-B3BC866AE358}.Release|Any CPU.Build.0 = Release|Any CPU
		{C2070171-8EFB-4CDB-B0FB-C7A1006336E1}.Debug|Any CPU.ActiveCfg = Debug|Any CPU
		{C2070171-8EFB-4CDB-B0FB-C7A1006336E1}.Debug|Any CPU.Build.0 = Debug|Any CPU
		{C2070171-8EFB-4CDB-B0FB-C7A1006336E1}.Release|Any CPU.ActiveCfg = Release|Any CPU
		{C2070171-8EFB-4CDB-B0FB-C7A1006336E1}.Release|Any CPU.Build.0 = Release|Any CPU
		{E853C5C5-E1BB-4B2C-89F9-9BF50E80CA7A}.Debug|Any CPU.ActiveCfg = Debug|Any CPU
		{E853C5C5-E1BB-4B2C-89F9-9BF50E80CA7A}.Debug|Any CPU.Build.0 = Debug|Any CPU
		{E853C5C5-E1BB-4B2C-89F9-9BF50E80CA7A}.Release|Any CPU.ActiveCfg = Release|Any CPU
		{E853C5C5-E1BB-4B2C-89F9-9BF50E80CA7A}.Release|Any CPU.Build.0 = Release|Any CPU
		{385BAACE-8932-4EA5-91CE-A4364F851268}.Debug|Any CPU.ActiveCfg = Debug|Any CPU
		{385BAACE-8932-4EA5-91CE-A4364F851268}.Debug|Any CPU.Build.0 = Debug|Any CPU
		{385BAACE-8932-4EA5-91CE-A4364F851268}.Release|Any CPU.ActiveCfg = Release|Any CPU
		{385BAACE-8932-4EA5-91CE-A4364F851268}.Release|Any CPU.Build.0 = Release|Any CPU
		{06AEE25E-2CFC-4928-B113-70CD37029512}.Debug|Any CPU.ActiveCfg = Debug|Any CPU
		{06AEE25E-2CFC-4928-B113-70CD37029512}.Debug|Any CPU.Build.0 = Debug|Any CPU
		{06AEE25E-2CFC-4928-B113-70CD37029512}.Release|Any CPU.ActiveCfg = Release|Any CPU
		{06AEE25E-2CFC-4928-B113-70CD37029512}.Release|Any CPU.Build.0 = Release|Any CPU
		{BE47EC7B-9B25-4D46-8ACE-8FB3953D3421}.Debug|Any CPU.ActiveCfg = Debug|Any CPU
		{BE47EC7B-9B25-4D46-8ACE-8FB3953D3421}.Debug|Any CPU.Build.0 = Debug|Any CPU
		{BE47EC7B-9B25-4D46-8ACE-8FB3953D3421}.Release|Any CPU.ActiveCfg = Release|Any CPU
		{BE47EC7B-9B25-4D46-8ACE-8FB3953D3421}.Release|Any CPU.Build.0 = Release|Any CPU
		{4DF0D5E0-36C5-4416-9B9B-9D2F981936A3}.Debug|Any CPU.ActiveCfg = Debug|Any CPU
		{4DF0D5E0-36C5-4416-9B9B-9D2F981936A3}.Debug|Any CPU.Build.0 = Debug|Any CPU
		{4DF0D5E0-36C5-4416-9B9B-9D2F981936A3}.Release|Any CPU.ActiveCfg = Release|Any CPU
		{4DF0D5E0-36C5-4416-9B9B-9D2F981936A3}.Release|Any CPU.Build.0 = Release|Any CPU
		{CF00094D-7710-40FA-9FA8-25ED35BFFB30}.Debug|Any CPU.ActiveCfg = Debug|Any CPU
		{CF00094D-7710-40FA-9FA8-25ED35BFFB30}.Debug|Any CPU.Build.0 = Debug|Any CPU
		{CF00094D-7710-40FA-9FA8-25ED35BFFB30}.Release|Any CPU.ActiveCfg = Release|Any CPU
		{CF00094D-7710-40FA-9FA8-25ED35BFFB30}.Release|Any CPU.Build.0 = Release|Any CPU
		{8895261D-3147-41FE-B378-D64E8A5519CF}.Debug|Any CPU.ActiveCfg = Debug|Any CPU
		{8895261D-3147-41FE-B378-D64E8A5519CF}.Debug|Any CPU.Build.0 = Debug|Any CPU
		{8895261D-3147-41FE-B378-D64E8A5519CF}.Release|Any CPU.ActiveCfg = Release|Any CPU
		{8895261D-3147-41FE-B378-D64E8A5519CF}.Release|Any CPU.Build.0 = Release|Any CPU
		{F705389C-34DD-4526-9233-E7B008E19F65}.Debug|Any CPU.ActiveCfg = Debug|Any CPU
		{F705389C-34DD-4526-9233-E7B008E19F65}.Debug|Any CPU.Build.0 = Debug|Any CPU
		{F705389C-34DD-4526-9233-E7B008E19F65}.Release|Any CPU.ActiveCfg = Release|Any CPU
		{F705389C-34DD-4526-9233-E7B008E19F65}.Release|Any CPU.Build.0 = Release|Any CPU
		{60821E29-2CFE-4390-8DB3-E7D62663C547}.Debug|Any CPU.ActiveCfg = Debug|Any CPU
		{60821E29-2CFE-4390-8DB3-E7D62663C547}.Debug|Any CPU.Build.0 = Debug|Any CPU
		{60821E29-2CFE-4390-8DB3-E7D62663C547}.Release|Any CPU.ActiveCfg = Release|Any CPU
		{60821E29-2CFE-4390-8DB3-E7D62663C547}.Release|Any CPU.Build.0 = Release|Any CPU
		{A327F860-10F9-48E1-BAB0-FFB7799AAAD6}.Debug|Any CPU.ActiveCfg = Debug|Any CPU
		{A327F860-10F9-48E1-BAB0-FFB7799AAAD6}.Debug|Any CPU.Build.0 = Debug|Any CPU
		{A327F860-10F9-48E1-BAB0-FFB7799AAAD6}.Release|Any CPU.ActiveCfg = Release|Any CPU
		{A327F860-10F9-48E1-BAB0-FFB7799AAAD6}.Release|Any CPU.Build.0 = Release|Any CPU
		{BD5BB438-1370-493B-9BCC-F403667FF5C2}.Debug|Any CPU.ActiveCfg = Debug|Any CPU
		{BD5BB438-1370-493B-9BCC-F403667FF5C2}.Debug|Any CPU.Build.0 = Debug|Any CPU
		{BD5BB438-1370-493B-9BCC-F403667FF5C2}.Release|Any CPU.ActiveCfg = Release|Any CPU
		{BD5BB438-1370-493B-9BCC-F403667FF5C2}.Release|Any CPU.Build.0 = Release|Any CPU
		{8D2EA29A-BA77-4077-B1C7-5640D57D53F9}.Debug|Any CPU.ActiveCfg = Debug|Any CPU
		{8D2EA29A-BA77-4077-B1C7-5640D57D53F9}.Debug|Any CPU.Build.0 = Debug|Any CPU
		{8D2EA29A-BA77-4077-B1C7-5640D57D53F9}.Release|Any CPU.ActiveCfg = Release|Any CPU
		{8D2EA29A-BA77-4077-B1C7-5640D57D53F9}.Release|Any CPU.Build.0 = Release|Any CPU
		{F17A782F-4CB3-4A0C-A4A0-4C36F7855665}.Debug|Any CPU.ActiveCfg = Debug|Any CPU
		{F17A782F-4CB3-4A0C-A4A0-4C36F7855665}.Debug|Any CPU.Build.0 = Debug|Any CPU
		{F17A782F-4CB3-4A0C-A4A0-4C36F7855665}.Release|Any CPU.ActiveCfg = Release|Any CPU
		{F17A782F-4CB3-4A0C-A4A0-4C36F7855665}.Release|Any CPU.Build.0 = Release|Any CPU
		{2E98C954-7A21-46DB-9130-717F5C0FCCAB}.Debug|Any CPU.ActiveCfg = Debug|Any CPU
		{2E98C954-7A21-46DB-9130-717F5C0FCCAB}.Debug|Any CPU.Build.0 = Debug|Any CPU
		{2E98C954-7A21-46DB-9130-717F5C0FCCAB}.Release|Any CPU.ActiveCfg = Release|Any CPU
		{2E98C954-7A21-46DB-9130-717F5C0FCCAB}.Release|Any CPU.Build.0 = Release|Any CPU
		{EB8AB27F-9DA8-4C81-A745-2A440510C8D1}.Debug|Any CPU.ActiveCfg = Debug|Any CPU
		{EB8AB27F-9DA8-4C81-A745-2A440510C8D1}.Debug|Any CPU.Build.0 = Debug|Any CPU
		{EB8AB27F-9DA8-4C81-A745-2A440510C8D1}.Release|Any CPU.ActiveCfg = Release|Any CPU
		{EB8AB27F-9DA8-4C81-A745-2A440510C8D1}.Release|Any CPU.Build.0 = Release|Any CPU
		{EFA5859E-38CD-43AA-B6F1-7ED111EF46CC}.Debug|Any CPU.ActiveCfg = Debug|Any CPU
		{EFA5859E-38CD-43AA-B6F1-7ED111EF46CC}.Debug|Any CPU.Build.0 = Debug|Any CPU
		{EFA5859E-38CD-43AA-B6F1-7ED111EF46CC}.Release|Any CPU.ActiveCfg = Release|Any CPU
		{EFA5859E-38CD-43AA-B6F1-7ED111EF46CC}.Release|Any CPU.Build.0 = Release|Any CPU
		{8A463B14-42F6-4B89-9409-3C88321C7CFC}.Debug|Any CPU.ActiveCfg = Debug|Any CPU
		{8A463B14-42F6-4B89-9409-3C88321C7CFC}.Debug|Any CPU.Build.0 = Debug|Any CPU
		{8A463B14-42F6-4B89-9409-3C88321C7CFC}.Release|Any CPU.ActiveCfg = Release|Any CPU
		{8A463B14-42F6-4B89-9409-3C88321C7CFC}.Release|Any CPU.Build.0 = Release|Any CPU
		{2335C172-4B31-4DB6-9D08-559E543C8DEE}.Debug|Any CPU.ActiveCfg = Debug|Any CPU
		{2335C172-4B31-4DB6-9D08-559E543C8DEE}.Debug|Any CPU.Build.0 = Debug|Any CPU
		{2335C172-4B31-4DB6-9D08-559E543C8DEE}.Release|Any CPU.ActiveCfg = Release|Any CPU
		{2335C172-4B31-4DB6-9D08-559E543C8DEE}.Release|Any CPU.Build.0 = Release|Any CPU
	EndGlobalSection
	GlobalSection(SolutionProperties) = preSolution
		HideSolutionNode = FALSE
	EndGlobalSection
	GlobalSection(NestedProjects) = preSolution
		{25D00C03-6645-4A82-B718-54C8C70ACFC8} = {1990A533-9C14-402E-A335-613C9195ED6B}
		{0C34B522-7BCE-4A3B-81FE-B38BEA009EA7} = {984D337C-1E39-4213-8052-8A89EAC0F4E4}
		{D396071E-8EEF-4B8E-8F31-838CCA5DBBC7} = {984D337C-1E39-4213-8052-8A89EAC0F4E4}
		{3035A951-F94D-4478-809A-3540498DAE73} = {D396071E-8EEF-4B8E-8F31-838CCA5DBBC7}
		{687D554D-52F5-4133-8AAD-27A3FB3EB17F} = {47CE11C2-1C92-4B23-A8EC-22BFCA662A57}
		{A205CBF5-B0F0-4AE5-B035-B3BC866AE358} = {47CE11C2-1C92-4B23-A8EC-22BFCA662A57}
		{C2070171-8EFB-4CDB-B0FB-C7A1006336E1} = {47CE11C2-1C92-4B23-A8EC-22BFCA662A57}
		{E853C5C5-E1BB-4B2C-89F9-9BF50E80CA7A} = {47CE11C2-1C92-4B23-A8EC-22BFCA662A57}
		{385BAACE-8932-4EA5-91CE-A4364F851268} = {0C34B522-7BCE-4A3B-81FE-B38BEA009EA7}
		{06AEE25E-2CFC-4928-B113-70CD37029512} = {0C34B522-7BCE-4A3B-81FE-B38BEA009EA7}
		{2BEA0D46-7DED-4BA2-AAA2-779B2600C5DB} = {984D337C-1E39-4213-8052-8A89EAC0F4E4}
		{BE47EC7B-9B25-4D46-8ACE-8FB3953D3421} = {2BEA0D46-7DED-4BA2-AAA2-779B2600C5DB}
		{4DF0D5E0-36C5-4416-9B9B-9D2F981936A3} = {2BEA0D46-7DED-4BA2-AAA2-779B2600C5DB}
		{CF00094D-7710-40FA-9FA8-25ED35BFFB30} = {2BEA0D46-7DED-4BA2-AAA2-779B2600C5DB}
		{8895261D-3147-41FE-B378-D64E8A5519CF} = {D396071E-8EEF-4B8E-8F31-838CCA5DBBC7}
		{E653D623-761A-42EF-8F15-E58597E67B4C} = {984D337C-1E39-4213-8052-8A89EAC0F4E4}
		{F705389C-34DD-4526-9233-E7B008E19F65} = {5FE9D5A2-C914-4607-82F5-CABC64437E72}
		{60821E29-2CFE-4390-8DB3-E7D62663C547} = {5FE9D5A2-C914-4607-82F5-CABC64437E72}
		{A327F860-10F9-48E1-BAB0-FFB7799AAAD6} = {5FE9D5A2-C914-4607-82F5-CABC64437E72}
		{BD5BB438-1370-493B-9BCC-F403667FF5C2} = {5FE9D5A2-C914-4607-82F5-CABC64437E72}
		{8D2EA29A-BA77-4077-B1C7-5640D57D53F9} = {E653D623-761A-42EF-8F15-E58597E67B4C}
		{F17A782F-4CB3-4A0C-A4A0-4C36F7855665} = {47CE11C2-1C92-4B23-A8EC-22BFCA662A57}
		{2E98C954-7A21-46DB-9130-717F5C0FCCAB} = {2BEA0D46-7DED-4BA2-AAA2-779B2600C5DB}
		{EB8AB27F-9DA8-4C81-A745-2A440510C8D1} = {E653D623-761A-42EF-8F15-E58597E67B4C}
		{EFA5859E-38CD-43AA-B6F1-7ED111EF46CC} = {E653D623-761A-42EF-8F15-E58597E67B4C}
		{8A463B14-42F6-4B89-9409-3C88321C7CFC} = {47CE11C2-1C92-4B23-A8EC-22BFCA662A57}
		{2335C172-4B31-4DB6-9D08-559E543C8DEE} = {47CE11C2-1C92-4B23-A8EC-22BFCA662A57}
	EndGlobalSection
	GlobalSection(ExtensibilityGlobals) = postSolution
		SolutionGuid = {B4FD61AB-E5C8-426A-B331-D61F0528A98D}
	EndGlobalSection
EndGlobal
